
Microsoft Visual Studio Solution File, Format Version 12.00
# Visual Studio 15
VisualStudioVersion = 15.0.26403.0
MinimumVisualStudioVersion = 10.0.40219.1
Project("{FAE04EC0-301F-11D3-BF4B-00C04F79EFBC}") = "Wally", "Wally.csproj", "{D364C769-DF5B-4DAB-B5F3-BA25BF178B28}"
EndProject
Project("{FAE04EC0-301F-11D3-BF4B-00C04F79EFBC}") = "Wally_diagnostic", "..\Wally_diagnostic\Wally_diagnostic.csproj", "{CDEA80DC-A0B4-40A2-A179-23738767B9B0}"
EndProject
Global
	GlobalSection(SolutionConfigurationPlatforms) = preSolution
		Debug|Any CPU = Debug|Any CPU
		Release|Any CPU = Release|Any CPU
	EndGlobalSection
	GlobalSection(ProjectConfigurationPlatforms) = postSolution
		{D364C769-DF5B-4DAB-B5F3-BA25BF178B28}.Debug|Any CPU.ActiveCfg = Debug|Any CPU
		{D364C769-DF5B-4DAB-B5F3-BA25BF178B28}.Debug|Any CPU.Build.0 = Debug|Any CPU
		{D364C769-DF5B-4DAB-B5F3-BA25BF178B28}.Release|Any CPU.ActiveCfg = Release|Any CPU
		{D364C769-DF5B-4DAB-B5F3-BA25BF178B28}.Release|Any CPU.Build.0 = Release|Any CPU
		{CDEA80DC-A0B4-40A2-A179-23738767B9B0}.Debug|Any CPU.ActiveCfg = Debug|Any CPU
		{CDEA80DC-A0B4-40A2-A179-23738767B9B0}.Debug|Any CPU.Build.0 = Debug|Any CPU
		{CDEA80DC-A0B4-40A2-A179-23738767B9B0}.Release|Any CPU.ActiveCfg = Release|Any CPU
		{CDEA80DC-A0B4-40A2-A179-23738767B9B0}.Release|Any CPU.Build.0 = Release|Any CPU
	EndGlobalSection
	GlobalSection(SolutionProperties) = preSolution
		HideSolutionNode = FALSE
	EndGlobalSection
	GlobalSection(ExtensibilityGlobals) = postSolution
		VisualSVNWorkingCopyRoot = ..
	EndGlobalSection
EndGlobal
